// !$*UTF8*$!
{
	archiveVersion = 1;
	classes = {
	};
	objectVersion = 46;
	objects = {

/* Begin PBXBuildFile section */
		D6CCCA5B1BE8396A003A761F /* main.m in Sources */ = {isa = PBXBuildFile; fileRef = D6CCCA5A1BE8396A003A761F /* main.m */; };
		D6CCCA5E1BE8396A003A761F /* AppDelegate.m in Sources */ = {isa = PBXBuildFile; fileRef = D6CCCA5D1BE8396A003A761F /* AppDelegate.m */; };
		D6CCCA661BE8396A003A761F /* Assets.xcassets in Resources */ = {isa = PBXBuildFile; fileRef = D6CCCA651BE8396A003A761F /* Assets.xcassets */; };
		D6CCCA741BE8396A003A761F /* Task_ListTests.m in Sources */ = {isa = PBXBuildFile; fileRef = D6CCCA731BE8396A003A761F /* Task_ListTests.m */; };
		D6CCCA7F1BE8396A003A761F /* Task_ListUITests.m in Sources */ = {isa = PBXBuildFile; fileRef = D6CCCA7E1BE8396A003A761F /* Task_ListUITests.m */; };
		D6CCCA8E1BE84065003A761F /* TaskListController.m in Sources */ = {isa = PBXBuildFile; fileRef = D6CCCA8D1BE84065003A761F /* TaskListController.m */; };
		D6CCCA911BE846F1003A761F /* UIView+Extension.m in Sources */ = {isa = PBXBuildFile; fileRef = D6CCCA901BE846F1003A761F /* UIView+Extension.m */; };
/* End PBXBuildFile section */

/* Begin PBXContainerItemProxy section */
		D6CCCA701BE8396A003A761F /* PBXContainerItemProxy */ = {
			isa = PBXContainerItemProxy;
			containerPortal = D6CCCA4E1BE8396A003A761F /* Project object */;
			proxyType = 1;
			remoteGlobalIDString = D6CCCA551BE8396A003A761F;
			remoteInfo = "Task List";
		};
		D6CCCA7B1BE8396A003A761F /* PBXContainerItemProxy */ = {
			isa = PBXContainerItemProxy;
			containerPortal = D6CCCA4E1BE8396A003A761F /* Project object */;
			proxyType = 1;
			remoteGlobalIDString = D6CCCA551BE8396A003A761F;
			remoteInfo = "Task List";
		};
/* End PBXContainerItemProxy section */

/* Begin PBXFileReference section */
		D6CCCA561BE8396A003A761F /* Task List.app */ = {isa = PBXFileReference; explicitFileType = wrapper.application; includeInIndex = 0; path = "Task List.app"; sourceTree = BUILT_PRODUCTS_DIR; };
		D6CCCA5A1BE8396A003A761F /* main.m */ = {isa = PBXFileReference; lastKnownFileType = sourcecode.c.objc; path = main.m; sourceTree = "<group>"; };
		D6CCCA5C1BE8396A003A761F /* AppDelegate.h */ = {isa = PBXFileReference; lastKnownFileType = sourcecode.c.h; path = AppDelegate.h; sourceTree = "<group>"; };
		D6CCCA5D1BE8396A003A761F /* AppDelegate.m */ = {isa = PBXFileReference; lastKnownFileType = sourcecode.c.objc; path = AppDelegate.m; sourceTree = "<group>"; };
		D6CCCA651BE8396A003A761F /* Assets.xcassets */ = {isa = PBXFileReference; lastKnownFileType = folder.assetcatalog; path = Assets.xcassets; sourceTree = "<group>"; };
		D6CCCA6A1BE8396A003A761F /* Info.plist */ = {isa = PBXFileReference; lastKnownFileType = text.plist.xml; path = Info.plist; sourceTree = "<group>"; };
		D6CCCA6F1BE8396A003A761F /* Task ListTests.xctest */ = {isa = PBXFileReference; explicitFileType = wrapper.cfbundle; includeInIndex = 0; path = "Task ListTests.xctest"; sourceTree = BUILT_PRODUCTS_DIR; };
		D6CCCA731BE8396A003A761F /* Task_ListTests.m */ = {isa = PBXFileReference; lastKnownFileType = sourcecode.c.objc; path = Task_ListTests.m; sourceTree = "<group>"; };
		D6CCCA751BE8396A003A761F /* Info.plist */ = {isa = PBXFileReference; lastKnownFileType = text.plist.xml; path = Info.plist; sourceTree = "<group>"; };
		D6CCCA7A1BE8396A003A761F /* Task ListUITests.xctest */ = {isa = PBXFileReference; explicitFileType = wrapper.cfbundle; includeInIndex = 0; path = "Task ListUITests.xctest"; sourceTree = BUILT_PRODUCTS_DIR; };
		D6CCCA7E1BE8396A003A761F /* Task_ListUITests.m */ = {isa = PBXFileReference; lastKnownFileType = sourcecode.c.objc; path = Task_ListUITests.m; sourceTree = "<group>"; };
		D6CCCA801BE8396A003A761F /* Info.plist */ = {isa = PBXFileReference; lastKnownFileType = text.plist.xml; path = Info.plist; sourceTree = "<group>"; };
		D6CCCA8C1BE84065003A761F /* TaskListController.h */ = {isa = PBXFileReference; fileEncoding = 4; lastKnownFileType = sourcecode.c.h; path = TaskListController.h; sourceTree = "<group>"; };
		D6CCCA8D1BE84065003A761F /* TaskListController.m */ = {isa = PBXFileReference; fileEncoding = 4; lastKnownFileType = sourcecode.c.objc; path = TaskListController.m; sourceTree = "<group>"; };
		D6CCCA8F1BE846F1003A761F /* UIView+Extension.h */ = {isa = PBXFileReference; fileEncoding = 4; lastKnownFileType = sourcecode.c.h; path = "UIView+Extension.h"; sourceTree = "<group>"; };
		D6CCCA901BE846F1003A761F /* UIView+Extension.m */ = {isa = PBXFileReference; fileEncoding = 4; lastKnownFileType = sourcecode.c.objc; path = "UIView+Extension.m"; sourceTree = "<group>"; };
/* End PBXFileReference section */

/* Begin PBXFrameworksBuildPhase section */
		D6CCCA531BE8396A003A761F /* Frameworks */ = {
			isa = PBXFrameworksBuildPhase;
			buildActionMask = 2147483647;
			files = (
			);
			runOnlyForDeploymentPostprocessing = 0;
		};
		D6CCCA6C1BE8396A003A761F /* Frameworks */ = {
			isa = PBXFrameworksBuildPhase;
			buildActionMask = 2147483647;
			files = (
			);
			runOnlyForDeploymentPostprocessing = 0;
		};
		D6CCCA771BE8396A003A761F /* Frameworks */ = {
			isa = PBXFrameworksBuildPhase;
			buildActionMask = 2147483647;
			files = (
			);
			runOnlyForDeploymentPostprocessing = 0;
		};
/* End PBXFrameworksBuildPhase section */

/* Begin PBXGroup section */
		D6CCCA4D1BE8396A003A761F = {
			isa = PBXGroup;
			children = (
				D6CCCA581BE8396A003A761F /* Task List */,
				D6CCCA721BE8396A003A761F /* Task ListTests */,
				D6CCCA7D1BE8396A003A761F /* Task ListUITests */,
				D6CCCA571BE8396A003A761F /* Products */,
			);
			sourceTree = "<group>";
		};
		D6CCCA571BE8396A003A761F /* Products */ = {
			isa = PBXGroup;
			children = (
				D6CCCA561BE8396A003A761F /* Task List.app */,
				D6CCCA6F1BE8396A003A761F /* Task ListTests.xctest */,
				D6CCCA7A1BE8396A003A761F /* Task ListUITests.xctest */,
			);
			name = Products;
			sourceTree = "<group>";
		};
		D6CCCA581BE8396A003A761F /* Task List */ = {
			isa = PBXGroup;
			children = (
				D6CCCA5C1BE8396A003A761F /* AppDelegate.h */,
				D6CCCA5D1BE8396A003A761F /* AppDelegate.m */,
				D6CCCA651BE8396A003A761F /* Assets.xcassets */,
				D6CCCA6A1BE8396A003A761F /* Info.plist */,
				D6CCCA591BE8396A003A761F /* Supporting Files */,
				D6CCCA8C1BE84065003A761F /* TaskListController.h */,
				D6CCCA8D1BE84065003A761F /* TaskListController.m */,
				D6CCCA8F1BE846F1003A761F /* UIView+Extension.h */,
				D6CCCA901BE846F1003A761F /* UIView+Extension.m */,
			);
			path = "Task List";
			sourceTree = "<group>";
		};
		D6CCCA591BE8396A003A761F /* Supporting Files */ = {
			isa = PBXGroup;
			children = (
				D6CCCA5A1BE8396A003A761F /* main.m */,
			);
			name = "Supporting Files";
			sourceTree = "<group>";
		};
		D6CCCA721BE8396A003A761F /* Task ListTests */ = {
			isa = PBXGroup;
			children = (
				D6CCCA731BE8396A003A761F /* Task_ListTests.m */,
				D6CCCA751BE8396A003A761F /* Info.plist */,
			);
			path = "Task ListTests";
			sourceTree = "<group>";
		};
		D6CCCA7D1BE8396A003A761F /* Task ListUITests */ = {
			isa = PBXGroup;
			children = (
				D6CCCA7E1BE8396A003A761F /* Task_ListUITests.m */,
				D6CCCA801BE8396A003A761F /* Info.plist */,
			);
			path = "Task ListUITests";
			sourceTree = "<group>";
		};
/* End PBXGroup section */

/* Begin PBXNativeTarget section */
		D6CCCA551BE8396A003A761F /* Task List */ = {
			isa = PBXNativeTarget;
			buildConfigurationList = D6CCCA831BE8396A003A761F /* Build configuration list for PBXNativeTarget "Task List" */;
			buildPhases = (
				D6CCCA521BE8396A003A761F /* Sources */,
				D6CCCA531BE8396A003A761F /* Frameworks */,
				D6CCCA541BE8396A003A761F /* Resources */,
			);
			buildRules = (
			);
			dependencies = (
			);
			name = "Task List";
			productName = "Task List";
			productReference = D6CCCA561BE8396A003A761F /* Task List.app */;
			productType = "com.apple.product-type.application";
		};
		D6CCCA6E1BE8396A003A761F /* Task ListTests */ = {
			isa = PBXNativeTarget;
			buildConfigurationList = D6CCCA861BE8396A003A761F /* Build configuration list for PBXNativeTarget "Task ListTests" */;
			buildPhases = (
				D6CCCA6B1BE8396A003A761F /* Sources */,
				D6CCCA6C1BE8396A003A761F /* Frameworks */,
				D6CCCA6D1BE8396A003A761F /* Resources */,
			);
			buildRules = (
			);
			dependencies = (
				D6CCCA711BE8396A003A761F /* PBXTargetDependency */,
			);
			name = "Task ListTests";
			productName = "Task ListTests";
			productReference = D6CCCA6F1BE8396A003A761F /* Task ListTests.xctest */;
			productType = "com.apple.product-type.bundle.unit-test";
		};
		D6CCCA791BE8396A003A761F /* Task ListUITests */ = {
			isa = PBXNativeTarget;
			buildConfigurationList = D6CCCA891BE8396A003A761F /* Build configuration list for PBXNativeTarget "Task ListUITests" */;
			buildPhases = (
				D6CCCA761BE8396A003A761F /* Sources */,
				D6CCCA771BE8396A003A761F /* Frameworks */,
				D6CCCA781BE8396A003A761F /* Resources */,
			);
			buildRules = (
			);
			dependencies = (
				D6CCCA7C1BE8396A003A761F /* PBXTargetDependency */,
			);
			name = "Task ListUITests";
			productName = "Task ListUITests";
			productReference = D6CCCA7A1BE8396A003A761F /* Task ListUITests.xctest */;
			productType = "com.apple.product-type.bundle.ui-testing";
		};
/* End PBXNativeTarget section */

/* Begin PBXProject section */
		D6CCCA4E1BE8396A003A761F /* Project object */ = {
			isa = PBXProject;
			attributes = {
				LastUpgradeCheck = 0710;
				ORGANIZATIONNAME = com.lidan;
				TargetAttributes = {
					D6CCCA551BE8396A003A761F = {
						CreatedOnToolsVersion = 7.1;
						DevelopmentTeam = 2EUVG7HE75;
					};
					D6CCCA6E1BE8396A003A761F = {
						CreatedOnToolsVersion = 7.1;
						DevelopmentTeam = 2EUVG7HE75;
						TestTargetID = D6CCCA551BE8396A003A761F;
					};
					D6CCCA791BE8396A003A761F = {
						CreatedOnToolsVersion = 7.1;
						DevelopmentTeam = 2EUVG7HE75;
						TestTargetID = D6CCCA551BE8396A003A761F;
					};
				};
			};
			buildConfigurationList = D6CCCA511BE8396A003A761F /* Build configuration list for PBXProject "Task List" */;
			compatibilityVersion = "Xcode 3.2";
			developmentRegion = English;
			hasScannedForEncodings = 0;
			knownRegions = (
				en,
				Base,
			);
			mainGroup = D6CCCA4D1BE8396A003A761F;
			productRefGroup = D6CCCA571BE8396A003A761F /* Products */;
			projectDirPath = "";
			projectRoot = "";
			targets = (
				D6CCCA551BE8396A003A761F /* Task List */,
				D6CCCA6E1BE8396A003A761F /* Task ListTests */,
				D6CCCA791BE8396A003A761F /* Task ListUITests */,
			);
		};
/* End PBXProject section */

/* Begin PBXResourcesBuildPhase section */
		D6CCCA541BE8396A003A761F /* Resources */ = {
			isa = PBXResourcesBuildPhase;
			buildActionMask = 2147483647;
			files = (
				D6CCCA661BE8396A003A761F /* Assets.xcassets in Resources */,
			);
			runOnlyForDeploymentPostprocessing = 0;
		};
		D6CCCA6D1BE8396A003A761F /* Resources */ = {
			isa = PBXResourcesBuildPhase;
			buildActionMask = 2147483647;
			files = (
			);
			runOnlyForDeploymentPostprocessing = 0;
		};
		D6CCCA781BE8396A003A761F /* Resources */ = {
			isa = PBXResourcesBuildPhase;
			buildActionMask = 2147483647;
			files = (
			);
			runOnlyForDeploymentPostprocessing = 0;
		};
/* End PBXResourcesBuildPhase section */

/* Begin PBXSourcesBuildPhase section */
		D6CCCA521BE8396A003A761F /* Sources */ = {
			isa = PBXSourcesBuildPhase;
			buildActionMask = 2147483647;
			files = (
				D6CCCA5E1BE8396A003A761F /* AppDelegate.m in Sources */,
				D6CCCA8E1BE84065003A761F /* TaskListController.m in Sources */,
				D6CCCA911BE846F1003A761F /* UIView+Extension.m in Sources */,
				D6CCCA5B1BE8396A003A761F /* main.m in Sources */,
			);
			runOnlyForDeploymentPostprocessing = 0;
		};
		D6CCCA6B1BE8396A003A761F /* Sources */ = {
			isa = PBXSourcesBuildPhase;
			buildActionMask = 2147483647;
			files = (
				D6CCCA741BE8396A003A761F /* Task_ListTests.m in Sources */,
			);
			runOnlyForDeploymentPostprocessing = 0;
		};
		D6CCCA761BE8396A003A761F /* Sources */ = {
			isa = PBXSourcesBuildPhase;
			buildActionMask = 2147483647;
			files = (
				D6CCCA7F1BE8396A003A761F /* Task_ListUITests.m in Sources */,
			);
			runOnlyForDeploymentPostprocessing = 0;
		};
/* End PBXSourcesBuildPhase section */

/* Begin PBXTargetDependency section */
		D6CCCA711BE8396A003A761F /* PBXTargetDependency */ = {
			isa = PBXTargetDependency;
			target = D6CCCA551BE8396A003A761F /* Task List */;
			targetProxy = D6CCCA701BE8396A003A761F /* PBXContainerItemProxy */;
		};
		D6CCCA7C1BE8396A003A761F /* PBXTargetDependency */ = {
			isa = PBXTargetDependency;
			target = D6CCCA551BE8396A003A761F /* Task List */;
			targetProxy = D6CCCA7B1BE8396A003A761F /* PBXContainerItemProxy */;
		};
/* End PBXTargetDependency section */

/* Begin XCBuildConfiguration section */
		D6CCCA811BE8396A003A761F /* Debug */ = {
			isa = XCBuildConfiguration;
			buildSettings = {
				ALWAYS_SEARCH_USER_PATHS = NO;
				CLANG_CXX_LANGUAGE_STANDARD = "gnu++0x";
				CLANG_CXX_LIBRARY = "libc++";
				CLANG_ENABLE_MODULES = YES;
				CLANG_ENABLE_OBJC_ARC = YES;
				CLANG_WARN_BOOL_CONVERSION = YES;
				CLANG_WARN_CONSTANT_CONVERSION = YES;
				CLANG_WARN_DIRECT_OBJC_ISA_USAGE = YES_ERROR;
				CLANG_WARN_EMPTY_BODY = YES;
				CLANG_WARN_ENUM_CONVERSION = YES;
				CLANG_WARN_INT_CONVERSION = YES;
				CLANG_WARN_OBJC_ROOT_CLASS = YES_ERROR;
				CLANG_WARN_UNREACHABLE_CODE = YES;
				CLANG_WARN__DUPLICATE_METHOD_MATCH = YES;
				"CODE_SIGN_IDENTITY[sdk=iphoneos*]" = "iPhone Developer";
				COPY_PHASE_STRIP = NO;
				DEBUG_INFORMATION_FORMAT = dwarf;
				ENABLE_STRICT_OBJC_MSGSEND = YES;
				ENABLE_TESTABILITY = YES;
				GCC_C_LANGUAGE_STANDARD = gnu99;
				GCC_DYNAMIC_NO_PIC = NO;
				GCC_NO_COMMON_BLOCKS = YES;
				GCC_OPTIMIZATION_LEVEL = 0;
				GCC_PREPROCESSOR_DEFINITIONS = (
					"DEBUG=1",
					"$(inherited)",
				);
				GCC_WARN_64_TO_32_BIT_CONVERSION = YES;
				GCC_WARN_ABOUT_RETURN_TYPE = YES_ERROR;
				GCC_WARN_UNDECLARED_SELECTOR = YES;
				GCC_WARN_UNINITIALIZED_AUTOS = YES_AGGRESSIVE;
				GCC_WARN_UNUSED_FUNCTION = YES;
				GCC_WARN_UNUSED_VARIABLE = YES;
				IPHONEOS_DEPLOYMENT_TARGET = 9.1;
				MTL_ENABLE_DEBUG_INFO = YES;
				ONLY_ACTIVE_ARCH = YES;
				SDKROOT = iphoneos;
			};
			name = Debug;
		};
		D6CCCA821BE8396A003A761F /* Release */ = {
			isa = XCBuildConfiguration;
			buildSettings = {
				ALWAYS_SEARCH_USER_PATHS = NO;
				CLANG_CXX_LANGUAGE_STANDARD = "gnu++0x";
				CLANG_CXX_LIBRARY = "libc++";
				CLANG_ENABLE_MODULES = YES;
				CLANG_ENABLE_OBJC_ARC = YES;
				CLANG_WARN_BOOL_CONVERSION = YES;
				CLANG_WARN_CONSTANT_CONVERSION = YES;
				CLANG_WARN_DIRECT_OBJC_ISA_USAGE = YES_ERROR;
				CLANG_WARN_EMPTY_BODY = YES;
				CLANG_WARN_ENUM_CONVERSION = YES;
				CLANG_WARN_INT_CONVERSION = YES;
				CLANG_WARN_OBJC_ROOT_CLASS = YES_ERROR;
				CLANG_WARN_UNREACHABLE_CODE = YES;
				CLANG_WARN__DUPLICATE_METHOD_MATCH = YES;
				"CODE_SIGN_IDENTITY[sdk=iphoneos*]" = "iPhone Developer";
				COPY_PHASE_STRIP = NO;
				DEBUG_INFORMATION_FORMAT = "dwarf-with-dsym";
				ENABLE_NS_ASSERTIONS = NO;
				ENABLE_STRICT_OBJC_MSGSEND = YES;
				GCC_C_LANGUAGE_STANDARD = gnu99;
				GCC_NO_COMMON_BLOCKS = YES;
				GCC_WARN_64_TO_32_BIT_CONVERSION = YES;
				GCC_WARN_ABOUT_RETURN_TYPE = YES_ERROR;
				GCC_WARN_UNDECLARED_SELECTOR = YES;
				GCC_WARN_UNINITIALIZED_AUTOS = YES_AGGRESSIVE;
				GCC_WARN_UNUSED_FUNCTION = YES;
				GCC_WARN_UNUSED_VARIABLE = YES;
				IPHONEOS_DEPLOYMENT_TARGET = 9.1;
				MTL_ENABLE_DEBUG_INFO = NO;
				SDKROOT = iphoneos;
				VALIDATE_PRODUCT = YES;
			};
			name = Release;
		};
		D6CCCA841BE8396A003A761F /* Debug */ = {
			isa = XCBuildConfiguration;
			buildSettings = {
				ASSETCATALOG_COMPILER_APPICON_NAME = AppIcon;
				INFOPLIST_FILE = "Task List/Info.plist";
				LD_RUNPATH_SEARCH_PATHS = "$(inherited) @executable_path/Frameworks";
				PRODUCT_BUNDLE_IDENTIFIER = "com.lidan.Task-List";
				PRODUCT_NAME = "$(TARGET_NAME)";
			};
			name = Debug;
		};
		D6CCCA851BE8396A003A761F /* Release */ = {
			isa = XCBuildConfiguration;
			buildSettings = {
				ASSETCATALOG_COMPILER_APPICON_NAME = AppIcon;
				INFOPLIST_FILE = "Task List/Info.plist";
				LD_RUNPATH_SEARCH_PATHS = "$(inherited) @executable_path/Frameworks";
				PRODUCT_BUNDLE_IDENTIFIER = "com.lidan.Task-List";
				PRODUCT_NAME = "$(TARGET_NAME)";
			};
			name = Release;
		};
		D6CCCA871BE8396A003A761F /* Debug */ = {
			isa = XCBuildConfiguration;
			buildSettings = {
				BUNDLE_LOADER = "$(TEST_HOST)";
				INFOPLIST_FILE = "Task ListTests/Info.plist";
				LD_RUNPATH_SEARCH_PATHS = "$(inherited) @executable_path/Frameworks @loader_path/Frameworks";
				PRODUCT_BUNDLE_IDENTIFIER = "com.lidan.Task-ListTests";
				PRODUCT_NAME = "$(TARGET_NAME)";
				TEST_HOST = "$(BUILT_PRODUCTS_DIR)/Task List.app/Task List";
			};
			name = Debug;
		};
		D6CCCA881BE8396A003A761F /* Release */ = {
			isa = XCBuildConfiguration;
			buildSettings = {
				BUNDLE_LOADER = "$(TEST_HOST)";
				INFOPLIST_FILE = "Task ListTests/Info.plist";
				LD_RUNPATH_SEARCH_PATHS = "$(inherited) @executable_path/Frameworks @loader_path/Frameworks";
				PRODUCT_BUNDLE_IDENTIFIER = "com.lidan.Task-ListTests";
				PRODUCT_NAME = "$(TARGET_NAME)";
				TEST_HOST = "$(BUILT_PRODUCTS_DIR)/Task List.app/Task List";
			};
			name = Release;
		};
		D6CCCA8A1BE8396A003A761F /* Debug */ = {
			isa = XCBuildConfiguration;
			buildSettings = {
				INFOPLIST_FILE = "Task ListUITests/Info.plist";
				LD_RUNPATH_SEARCH_PATHS = "$(inherited) @executable_path/Frameworks @loader_path/Frameworks";
				PRODUCT_BUNDLE_IDENTIFIER = "com.lidan.Task-ListUITests";
				PRODUCT_NAME = "$(TARGET_NAME)";
				TEST_TARGET_NAME = "Task List";
				USES_XCTRUNNER = YES;
			};
			name = Debug;
		};
		D6CCCA8B1BE8396A003A761F /* Release */ = {
			isa = XCBuildConfiguration;
			buildSettings = {
				INFOPLIST_FILE = "Task ListUITests/Info.plist";
				LD_RUNPATH_SEARCH_PATHS = "$(inherited) @executable_path/Frameworks @loader_path/Frameworks";
				PRODUCT_BUNDLE_IDENTIFIER = "com.lidan.Task-ListUITests";
				PRODUCT_NAME = "$(TARGET_NAME)";
				TEST_TARGET_NAME = "Task List";
				USES_XCTRUNNER = YES;
			};
			name = Release;
		};
/* End XCBuildConfiguration section */

/* Begin XCConfigurationList section */
		D6CCCA511BE8396A003A761F /* Build configuration list for PBXProject "Task List" */ = {
			isa = XCConfigurationList;
			buildConfigurations = (
				D6CCCA811BE8396A003A761F /* Debug */,
				D6CCCA821BE8396A003A761F /* Release */,
			);
			defaultConfigurationIsVisible = 0;
			defaultConfigurationName = Release;
		};
		D6CCCA831BE8396A003A761F /* Build configuration list for PBXNativeTarget "Task List" */ = {
			isa = XCConfigurationList;
			buildConfigurations = (
				D6CCCA841BE8396A003A761F /* Debug */,
				D6CCCA851BE8396A003A761F /* Release */,
			);
			defaultConfigurationIsVisible = 0;
			defaultConfigurationName = Release;
		};
		D6CCCA861BE8396A003A761F /* Build configuration list for PBXNativeTarget "Task ListTests" */ = {
			isa = XCConfigurationList;
			buildConfigurations = (
				D6CCCA871BE8396A003A761F /* Debug */,
				D6CCCA881BE8396A003A761F /* Release */,
			);
			defaultConfigurationIsVisible = 0;
			defaultConfigurationName = Release;
		};
		D6CCCA891BE8396A003A761F /* Build configuration list for PBXNativeTarget "Task ListUITests" */ = {
			isa = XCConfigurationList;
			buildConfigurations = (
				D6CCCA8A1BE8396A003A761F /* Debug */,
				D6CCCA8B1BE8396A003A761F /* Release */,
			);
			defaultConfigurationIsVisible = 0;
			defaultConfigurationName = Release;
		};
/* End XCConfigurationList section */
	};
	rootObject = D6CCCA4E1BE8396A003A761F /* Project object */;
}
