// !$*UTF8*$!
{
	archiveVersion = 1;
	classes = {
	};
	objectVersion = 46;
	objects = {

/* Begin PBXBuildFile section */
		C490ADC41BCE45E900B8B23F /* main.m in Sources */ = {isa = PBXBuildFile; fileRef = C490ADC31BCE45E900B8B23F /* main.m */; };
		C490ADCC1BCE462400B8B23F /* CalBrain.m in Sources */ = {isa = PBXBuildFile; fileRef = C490ADCB1BCE462400B8B23F /* CalBrain.m */; settings = {ASSET_TAGS = (); }; };
/* End PBXBuildFile section */

/* Begin PBXCopyFilesBuildPhase section */
		C490ADBE1BCE45E900B8B23F /* CopyFiles */ = {
			isa = PBXCopyFilesBuildPhase;
			buildActionMask = 2147483647;
			dstPath = /usr/share/man/man1/;
			dstSubfolderSpec = 0;
			files = (
			);
			runOnlyForDeploymentPostprocessing = 1;
		};
/* End PBXCopyFilesBuildPhase section */

/* Begin PBXFileReference section */
		C490ADC01BCE45E900B8B23F /* SecondAssignment */ = {isa = PBXFileReference; explicitFileType = "compiled.mach-o.executable"; includeInIndex = 0; path = SecondAssignment; sourceTree = BUILT_PRODUCTS_DIR; };
		C490ADC31BCE45E900B8B23F /* main.m */ = {isa = PBXFileReference; lastKnownFileType = sourcecode.c.objc; path = main.m; sourceTree = "<group>"; };
		C490ADCA1BCE462400B8B23F /* CalBrain.h */ = {isa = PBXFileReference; fileEncoding = 4; lastKnownFileType = sourcecode.c.h; path = CalBrain.h; sourceTree = "<group>"; };
		C490ADCB1BCE462400B8B23F /* CalBrain.m */ = {isa = PBXFileReference; fileEncoding = 4; lastKnownFileType = sourcecode.c.objc; path = CalBrain.m; sourceTree = "<group>"; };
/* End PBXFileReference section */

/* Begin PBXFrameworksBuildPhase section */
		C490ADBD1BCE45E900B8B23F /* Frameworks */ = {
			isa = PBXFrameworksBuildPhase;
			buildActionMask = 2147483647;
			files = (
			);
			runOnlyForDeploymentPostprocessing = 0;
		};
/* End PBXFrameworksBuildPhase section */

/* Begin PBXGroup section */
		C490ADB71BCE45E900B8B23F = {
			isa = PBXGroup;
			children = (
				C490ADC21BCE45E900B8B23F /* SecondAssignment */,
				C490ADC11BCE45E900B8B23F /* Products */,
			);
			sourceTree = "<group>";
		};
		C490ADC11BCE45E900B8B23F /* Products */ = {
			isa = PBXGroup;
			children = (
				C490ADC01BCE45E900B8B23F /* SecondAssignment */,
			);
			name = Products;
			sourceTree = "<group>";
		};
		C490ADC21BCE45E900B8B23F /* SecondAssignment */ = {
			isa = PBXGroup;
			children = (
				C490ADC31BCE45E900B8B23F /* main.m */,
				C490ADCA1BCE462400B8B23F /* CalBrain.h */,
				C490ADCB1BCE462400B8B23F /* CalBrain.m */,
			);
			path = SecondAssignment;
			sourceTree = "<group>";
		};
/* End PBXGroup section */

/* Begin PBXNativeTarget section */
		C490ADBF1BCE45E900B8B23F /* SecondAssignment */ = {
			isa = PBXNativeTarget;
			buildConfigurationList = C490ADC71BCE45E900B8B23F /* Build configuration list for PBXNativeTarget "SecondAssignment" */;
			buildPhases = (
				C490ADBC1BCE45E900B8B23F /* Sources */,
				C490ADBD1BCE45E900B8B23F /* Frameworks */,
				C490ADBE1BCE45E900B8B23F /* CopyFiles */,
			);
			buildRules = (
			);
			dependencies = (
			);
			name = SecondAssignment;
			productName = SecondAssignment;
			productReference = C490ADC01BCE45E900B8B23F /* SecondAssignment */;
			productType = "com.apple.product-type.tool";
		};
/* End PBXNativeTarget section */

/* Begin PBXProject section */
		C490ADB81BCE45E900B8B23F /* Project object */ = {
			isa = PBXProject;
			attributes = {
				LastUpgradeCheck = 0700;
				ORGANIZATIONNAME = "Huang Xin";
				TargetAttributes = {
					C490ADBF1BCE45E900B8B23F = {
						CreatedOnToolsVersion = 7.0.1;
					};
				};
			};
			buildConfigurationList = C490ADBB1BCE45E900B8B23F /* Build configuration list for PBXProject "SecondAssignment" */;
			compatibilityVersion = "Xcode 3.2";
			developmentRegion = English;
			hasScannedForEncodings = 0;
			knownRegions = (
				en,
			);
			mainGroup = C490ADB71BCE45E900B8B23F;
			productRefGroup = C490ADC11BCE45E900B8B23F /* Products */;
			projectDirPath = "";
			projectRoot = "";
			targets = (
				C490ADBF1BCE45E900B8B23F /* SecondAssignment */,
			);
		};
/* End PBXProject section */

/* Begin PBXSourcesBuildPhase section */
		C490ADBC1BCE45E900B8B23F /* Sources */ = {
			isa = PBXSourcesBuildPhase;
			buildActionMask = 2147483647;
			files = (
				C490ADC41BCE45E900B8B23F /* main.m in Sources */,
				C490ADCC1BCE462400B8B23F /* CalBrain.m in Sources */,
			);
			runOnlyForDeploymentPostprocessing = 0;
		};
/* End PBXSourcesBuildPhase section */

/* Begin XCBuildConfiguration section */
		C490ADC51BCE45E900B8B23F /* Debug */ = {
			isa = XCBuildConfiguration;
			buildSettings = {
				ALWAYS_SEARCH_USER_PATHS = NO;
				CLANG_CXX_LANGUAGE_STANDARD = "gnu++0x";
				CLANG_CXX_LIBRARY = "libc++";
				CLANG_ENABLE_MODULES = YES;
				CLANG_ENABLE_OBJC_ARC = YES;
				CLANG_WARN_BOOL_CONVERSION = YES;
				CLANG_WARN_CONSTANT_CONVERSION = YES;
				CLANG_WARN_DIRECT_OBJC_ISA_USAGE = YES_ERROR;
				CLANG_WARN_EMPTY_BODY = YES;
				CLANG_WARN_ENUM_CONVERSION = YES;
				CLANG_WARN_INT_CONVERSION = YES;
				CLANG_WARN_OBJC_ROOT_CLASS = YES_ERROR;
				CLANG_WARN_UNREACHABLE_CODE = YES;
				CLANG_WARN__DUPLICATE_METHOD_MATCH = YES;
				COPY_PHASE_STRIP = NO;
				DEBUG_INFORMATION_FORMAT = dwarf;
				ENABLE_STRICT_OBJC_MSGSEND = YES;
				ENABLE_TESTABILITY = YES;
				GCC_C_LANGUAGE_STANDARD = gnu99;
				GCC_DYNAMIC_NO_PIC = NO;
				GCC_NO_COMMON_BLOCKS = YES;
				GCC_OPTIMIZATION_LEVEL = 0;
				GCC_PREPROCESSOR_DEFINITIONS = (
					"DEBUG=1",
					"$(inherited)",
				);
				GCC_WARN_64_TO_32_BIT_CONVERSION = YES;
				GCC_WARN_ABOUT_RETURN_TYPE = YES_ERROR;
				GCC_WARN_UNDECLARED_SELECTOR = YES;
				GCC_WARN_UNINITIALIZED_AUTOS = YES_AGGRESSIVE;
				GCC_WARN_UNUSED_FUNCTION = YES;
				GCC_WARN_UNUSED_VARIABLE = YES;
				MACOSX_DEPLOYMENT_TARGET = 10.11;
				MTL_ENABLE_DEBUG_INFO = YES;
				ONLY_ACTIVE_ARCH = YES;
				SDKROOT = macosx;
			};
			name = Debug;
		};
		C490ADC61BCE45E900B8B23F /* Release */ = {
			isa = XCBuildConfiguration;
			buildSettings = {
				ALWAYS_SEARCH_USER_PATHS = NO;
				CLANG_CXX_LANGUAGE_STANDARD = "gnu++0x";
				CLANG_CXX_LIBRARY = "libc++";
				CLANG_ENABLE_MODULES = YES;
				CLANG_ENABLE_OBJC_ARC = YES;
				CLANG_WARN_BOOL_CONVERSION = YES;
				CLANG_WARN_CONSTANT_CONVERSION = YES;
				CLANG_WARN_DIRECT_OBJC_ISA_USAGE = YES_ERROR;
				CLANG_WARN_EMPTY_BODY = YES;
				CLANG_WARN_ENUM_CONVERSION = YES;
				CLANG_WARN_INT_CONVERSION = YES;
				CLANG_WARN_OBJC_ROOT_CLASS = YES_ERROR;
				CLANG_WARN_UNREACHABLE_CODE = YES;
				CLANG_WARN__DUPLICATE_METHOD_MATCH = YES;
				COPY_PHASE_STRIP = NO;
				DEBUG_INFORMATION_FORMAT = "dwarf-with-dsym";
				ENABLE_NS_ASSERTIONS = NO;
				ENABLE_STRICT_OBJC_MSGSEND = YES;
				GCC_C_LANGUAGE_STANDARD = gnu99;
				GCC_NO_COMMON_BLOCKS = YES;
				GCC_WARN_64_TO_32_BIT_CONVERSION = YES;
				GCC_WARN_ABOUT_RETURN_TYPE = YES_ERROR;
				GCC_WARN_UNDECLARED_SELECTOR = YES;
				GCC_WARN_UNINITIALIZED_AUTOS = YES_AGGRESSIVE;
				GCC_WARN_UNUSED_FUNCTION = YES;
				GCC_WARN_UNUSED_VARIABLE = YES;
				MACOSX_DEPLOYMENT_TARGET = 10.11;
				MTL_ENABLE_DEBUG_INFO = NO;
				SDKROOT = macosx;
			};
			name = Release;
		};
		C490ADC81BCE45E900B8B23F /* Debug */ = {
			isa = XCBuildConfiguration;
			buildSettings = {
				PRODUCT_NAME = "$(TARGET_NAME)";
			};
			name = Debug;
		};
		C490ADC91BCE45E900B8B23F /* Release */ = {
			isa = XCBuildConfiguration;
			buildSettings = {
				PRODUCT_NAME = "$(TARGET_NAME)";
			};
			name = Release;
		};
/* End XCBuildConfiguration section */

/* Begin XCConfigurationList section */
		C490ADBB1BCE45E900B8B23F /* Build configuration list for PBXProject "SecondAssignment" */ = {
			isa = XCConfigurationList;
			buildConfigurations = (
				C490ADC51BCE45E900B8B23F /* Debug */,
				C490ADC61BCE45E900B8B23F /* Release */,
			);
			defaultConfigurationIsVisible = 0;
			defaultConfigurationName = Release;
		};
		C490ADC71BCE45E900B8B23F /* Build configuration list for PBXNativeTarget "SecondAssignment" */ = {
			isa = XCConfigurationList;
			buildConfigurations = (
				C490ADC81BCE45E900B8B23F /* Debug */,
				C490ADC91BCE45E900B8B23F /* Release */,
			);
			defaultConfigurationIsVisible = 0;
		};
/* End XCConfigurationList section */
	};
	rootObject = C490ADB81BCE45E900B8B23F /* Project object */;
}
