// !$*UTF8*$!
{
	archiveVersion = 1;
	classes = {
	};
	objectVersion = 46;
	objects = {

/* Begin PBXBuildFile section */
		EDE8098F1BD123FD00FA564C /* main.m in Sources */ = {isa = PBXBuildFile; fileRef = EDE8098E1BD123FD00FA564C /* main.m */; };
		EDE809971BD1240B00FA564C /* ALCal.m in Sources */ = {isa = PBXBuildFile; fileRef = EDE809961BD1240B00FA564C /* ALCal.m */; settings = {ASSET_TAGS = (); }; };
/* End PBXBuildFile section */

/* Begin PBXCopyFilesBuildPhase section */
		EDE809891BD123FD00FA564C /* CopyFiles */ = {
			isa = PBXCopyFilesBuildPhase;
			buildActionMask = 2147483647;
			dstPath = /usr/share/man/man1/;
			dstSubfolderSpec = 0;
			files = (
			);
			runOnlyForDeploymentPostprocessing = 1;
		};
/* End PBXCopyFilesBuildPhase section */

/* Begin PBXFileReference section */
		EDE8098B1BD123FD00FA564C /* ALCal */ = {isa = PBXFileReference; explicitFileType = "compiled.mach-o.executable"; includeInIndex = 0; path = ALCal; sourceTree = BUILT_PRODUCTS_DIR; };
		EDE8098E1BD123FD00FA564C /* main.m */ = {isa = PBXFileReference; lastKnownFileType = sourcecode.c.objc; path = main.m; sourceTree = "<group>"; };
		EDE809951BD1240B00FA564C /* ALCal.h */ = {isa = PBXFileReference; fileEncoding = 4; lastKnownFileType = sourcecode.c.h; path = ALCal.h; sourceTree = "<group>"; };
		EDE809961BD1240B00FA564C /* ALCal.m */ = {isa = PBXFileReference; fileEncoding = 4; lastKnownFileType = sourcecode.c.objc; path = ALCal.m; sourceTree = "<group>"; };
/* End PBXFileReference section */

/* Begin PBXFrameworksBuildPhase section */
		EDE809881BD123FD00FA564C /* Frameworks */ = {
			isa = PBXFrameworksBuildPhase;
			buildActionMask = 2147483647;
			files = (
			);
			runOnlyForDeploymentPostprocessing = 0;
		};
/* End PBXFrameworksBuildPhase section */

/* Begin PBXGroup section */
		EDE809821BD123FD00FA564C = {
			isa = PBXGroup;
			children = (
				EDE8098D1BD123FD00FA564C /* ALCal */,
				EDE8098C1BD123FD00FA564C /* Products */,
			);
			sourceTree = "<group>";
		};
		EDE8098C1BD123FD00FA564C /* Products */ = {
			isa = PBXGroup;
			children = (
				EDE8098B1BD123FD00FA564C /* ALCal */,
			);
			name = Products;
			sourceTree = "<group>";
		};
		EDE8098D1BD123FD00FA564C /* ALCal */ = {
			isa = PBXGroup;
			children = (
				EDE8098E1BD123FD00FA564C /* main.m */,
				EDE809951BD1240B00FA564C /* ALCal.h */,
				EDE809961BD1240B00FA564C /* ALCal.m */,
			);
			path = ALCal;
			sourceTree = "<group>";
		};
/* End PBXGroup section */

/* Begin PBXNativeTarget section */
		EDE8098A1BD123FD00FA564C /* ALCal */ = {
			isa = PBXNativeTarget;
			buildConfigurationList = EDE809921BD123FD00FA564C /* Build configuration list for PBXNativeTarget "ALCal" */;
			buildPhases = (
				EDE809871BD123FD00FA564C /* Sources */,
				EDE809881BD123FD00FA564C /* Frameworks */,
				EDE809891BD123FD00FA564C /* CopyFiles */,
			);
			buildRules = (
			);
			dependencies = (
			);
			name = ALCal;
			productName = ALCal;
			productReference = EDE8098B1BD123FD00FA564C /* ALCal */;
			productType = "com.apple.product-type.tool";
		};
/* End PBXNativeTarget section */

/* Begin PBXProject section */
		EDE809831BD123FD00FA564C /* Project object */ = {
			isa = PBXProject;
			attributes = {
				LastUpgradeCheck = 0700;
				ORGANIZATIONNAME = alezai;
				TargetAttributes = {
					EDE8098A1BD123FD00FA564C = {
						CreatedOnToolsVersion = 7.0.1;
					};
				};
			};
			buildConfigurationList = EDE809861BD123FD00FA564C /* Build configuration list for PBXProject "ALCal" */;
			compatibilityVersion = "Xcode 3.2";
			developmentRegion = English;
			hasScannedForEncodings = 0;
			knownRegions = (
				en,
			);
			mainGroup = EDE809821BD123FD00FA564C;
			productRefGroup = EDE8098C1BD123FD00FA564C /* Products */;
			projectDirPath = "";
			projectRoot = "";
			targets = (
				EDE8098A1BD123FD00FA564C /* ALCal */,
			);
		};
/* End PBXProject section */

/* Begin PBXSourcesBuildPhase section */
		EDE809871BD123FD00FA564C /* Sources */ = {
			isa = PBXSourcesBuildPhase;
			buildActionMask = 2147483647;
			files = (
				EDE8098F1BD123FD00FA564C /* main.m in Sources */,
				EDE809971BD1240B00FA564C /* ALCal.m in Sources */,
			);
			runOnlyForDeploymentPostprocessing = 0;
		};
/* End PBXSourcesBuildPhase section */

/* Begin XCBuildConfiguration section */
		EDE809901BD123FD00FA564C /* Debug */ = {
			isa = XCBuildConfiguration;
			buildSettings = {
				ALWAYS_SEARCH_USER_PATHS = NO;
				CLANG_CXX_LANGUAGE_STANDARD = "gnu++0x";
				CLANG_CXX_LIBRARY = "libc++";
				CLANG_ENABLE_MODULES = YES;
				CLANG_ENABLE_OBJC_ARC = YES;
				CLANG_WARN_BOOL_CONVERSION = YES;
				CLANG_WARN_CONSTANT_CONVERSION = YES;
				CLANG_WARN_DIRECT_OBJC_ISA_USAGE = YES_ERROR;
				CLANG_WARN_EMPTY_BODY = YES;
				CLANG_WARN_ENUM_CONVERSION = YES;
				CLANG_WARN_INT_CONVERSION = YES;
				CLANG_WARN_OBJC_ROOT_CLASS = YES_ERROR;
				CLANG_WARN_UNREACHABLE_CODE = YES;
				CLANG_WARN__DUPLICATE_METHOD_MATCH = YES;
				COPY_PHASE_STRIP = NO;
				DEBUG_INFORMATION_FORMAT = dwarf;
				ENABLE_STRICT_OBJC_MSGSEND = YES;
				ENABLE_TESTABILITY = YES;
				GCC_C_LANGUAGE_STANDARD = gnu99;
				GCC_DYNAMIC_NO_PIC = NO;
				GCC_NO_COMMON_BLOCKS = YES;
				GCC_OPTIMIZATION_LEVEL = 0;
				GCC_PREPROCESSOR_DEFINITIONS = (
					"DEBUG=1",
					"$(inherited)",
				);
				GCC_WARN_64_TO_32_BIT_CONVERSION = YES;
				GCC_WARN_ABOUT_RETURN_TYPE = YES_ERROR;
				GCC_WARN_UNDECLARED_SELECTOR = YES;
				GCC_WARN_UNINITIALIZED_AUTOS = YES_AGGRESSIVE;
				GCC_WARN_UNUSED_FUNCTION = YES;
				GCC_WARN_UNUSED_VARIABLE = YES;
				MACOSX_DEPLOYMENT_TARGET = 10.11;
				MTL_ENABLE_DEBUG_INFO = YES;
				ONLY_ACTIVE_ARCH = YES;
				SDKROOT = macosx;
			};
			name = Debug;
		};
		EDE809911BD123FD00FA564C /* Release */ = {
			isa = XCBuildConfiguration;
			buildSettings = {
				ALWAYS_SEARCH_USER_PATHS = NO;
				CLANG_CXX_LANGUAGE_STANDARD = "gnu++0x";
				CLANG_CXX_LIBRARY = "libc++";
				CLANG_ENABLE_MODULES = YES;
				CLANG_ENABLE_OBJC_ARC = YES;
				CLANG_WARN_BOOL_CONVERSION = YES;
				CLANG_WARN_CONSTANT_CONVERSION = YES;
				CLANG_WARN_DIRECT_OBJC_ISA_USAGE = YES_ERROR;
				CLANG_WARN_EMPTY_BODY = YES;
				CLANG_WARN_ENUM_CONVERSION = YES;
				CLANG_WARN_INT_CONVERSION = YES;
				CLANG_WARN_OBJC_ROOT_CLASS = YES_ERROR;
				CLANG_WARN_UNREACHABLE_CODE = YES;
				CLANG_WARN__DUPLICATE_METHOD_MATCH = YES;
				COPY_PHASE_STRIP = NO;
				DEBUG_INFORMATION_FORMAT = "dwarf-with-dsym";
				ENABLE_NS_ASSERTIONS = NO;
				ENABLE_STRICT_OBJC_MSGSEND = YES;
				GCC_C_LANGUAGE_STANDARD = gnu99;
				GCC_NO_COMMON_BLOCKS = YES;
				GCC_WARN_64_TO_32_BIT_CONVERSION = YES;
				GCC_WARN_ABOUT_RETURN_TYPE = YES_ERROR;
				GCC_WARN_UNDECLARED_SELECTOR = YES;
				GCC_WARN_UNINITIALIZED_AUTOS = YES_AGGRESSIVE;
				GCC_WARN_UNUSED_FUNCTION = YES;
				GCC_WARN_UNUSED_VARIABLE = YES;
				MACOSX_DEPLOYMENT_TARGET = 10.11;
				MTL_ENABLE_DEBUG_INFO = NO;
				SDKROOT = macosx;
			};
			name = Release;
		};
		EDE809931BD123FD00FA564C /* Debug */ = {
			isa = XCBuildConfiguration;
			buildSettings = {
				PRODUCT_NAME = "$(TARGET_NAME)";
			};
			name = Debug;
		};
		EDE809941BD123FD00FA564C /* Release */ = {
			isa = XCBuildConfiguration;
			buildSettings = {
				PRODUCT_NAME = "$(TARGET_NAME)";
			};
			name = Release;
		};
/* End XCBuildConfiguration section */

/* Begin XCConfigurationList section */
		EDE809861BD123FD00FA564C /* Build configuration list for PBXProject "ALCal" */ = {
			isa = XCConfigurationList;
			buildConfigurations = (
				EDE809901BD123FD00FA564C /* Debug */,
				EDE809911BD123FD00FA564C /* Release */,
			);
			defaultConfigurationIsVisible = 0;
			defaultConfigurationName = Release;
		};
		EDE809921BD123FD00FA564C /* Build configuration list for PBXNativeTarget "ALCal" */ = {
			isa = XCConfigurationList;
			buildConfigurations = (
				EDE809931BD123FD00FA564C /* Debug */,
				EDE809941BD123FD00FA564C /* Release */,
			);
			defaultConfigurationIsVisible = 0;
		};
/* End XCConfigurationList section */
	};
	rootObject = EDE809831BD123FD00FA564C /* Project object */;
}
