// !$*UTF8*$!
{
	archiveVersion = 1;
	classes = {
	};
	objectVersion = 46;
	objects = {

/* Begin PBXBuildFile section */
		199744B21BD1287B00E8F18A /* main.m in Sources */ = {isa = PBXBuildFile; fileRef = 199744B11BD1287B00E8F18A /* main.m */; };
		199744BA1BD129CB00E8F18A /* cal.m in Sources */ = {isa = PBXBuildFile; fileRef = 199744B91BD129CB00E8F18A /* cal.m */; settings = {ASSET_TAGS = (); }; };
/* End PBXBuildFile section */

/* Begin PBXCopyFilesBuildPhase section */
		199744AC1BD1287B00E8F18A /* CopyFiles */ = {
			isa = PBXCopyFilesBuildPhase;
			buildActionMask = 2147483647;
			dstPath = /usr/share/man/man1/;
			dstSubfolderSpec = 0;
			files = (
			);
			runOnlyForDeploymentPostprocessing = 1;
		};
/* End PBXCopyFilesBuildPhase section */

/* Begin PBXFileReference section */
		199744AE1BD1287B00E8F18A /* calbyoc */ = {isa = PBXFileReference; explicitFileType = "compiled.mach-o.executable"; includeInIndex = 0; path = calbyoc; sourceTree = BUILT_PRODUCTS_DIR; };
		199744B11BD1287B00E8F18A /* main.m */ = {isa = PBXFileReference; lastKnownFileType = sourcecode.c.objc; path = main.m; sourceTree = "<group>"; };
		199744B81BD1295C00E8F18A /* cal.h */ = {isa = PBXFileReference; lastKnownFileType = sourcecode.c.h; path = cal.h; sourceTree = "<group>"; };
		199744B91BD129CB00E8F18A /* cal.m */ = {isa = PBXFileReference; fileEncoding = 4; lastKnownFileType = sourcecode.c.objc; path = cal.m; sourceTree = "<group>"; };
/* End PBXFileReference section */

/* Begin PBXFrameworksBuildPhase section */
		199744AB1BD1287B00E8F18A /* Frameworks */ = {
			isa = PBXFrameworksBuildPhase;
			buildActionMask = 2147483647;
			files = (
			);
			runOnlyForDeploymentPostprocessing = 0;
		};
/* End PBXFrameworksBuildPhase section */

/* Begin PBXGroup section */
		199744A51BD1287B00E8F18A = {
			isa = PBXGroup;
			children = (
				199744B01BD1287B00E8F18A /* calbyoc */,
				199744AF1BD1287B00E8F18A /* Products */,
			);
			sourceTree = "<group>";
		};
		199744AF1BD1287B00E8F18A /* Products */ = {
			isa = PBXGroup;
			children = (
				199744AE1BD1287B00E8F18A /* calbyoc */,
			);
			name = Products;
			sourceTree = "<group>";
		};
		199744B01BD1287B00E8F18A /* calbyoc */ = {
			isa = PBXGroup;
			children = (
				199744B11BD1287B00E8F18A /* main.m */,
				199744B81BD1295C00E8F18A /* cal.h */,
				199744B91BD129CB00E8F18A /* cal.m */,
			);
			path = calbyoc;
			sourceTree = "<group>";
		};
/* End PBXGroup section */

/* Begin PBXNativeTarget section */
		199744AD1BD1287B00E8F18A /* calbyoc */ = {
			isa = PBXNativeTarget;
			buildConfigurationList = 199744B51BD1287B00E8F18A /* Build configuration list for PBXNativeTarget "calbyoc" */;
			buildPhases = (
				199744AA1BD1287B00E8F18A /* Sources */,
				199744AB1BD1287B00E8F18A /* Frameworks */,
				199744AC1BD1287B00E8F18A /* CopyFiles */,
			);
			buildRules = (
			);
			dependencies = (
			);
			name = calbyoc;
			productName = calbyoc;
			productReference = 199744AE1BD1287B00E8F18A /* calbyoc */;
			productType = "com.apple.product-type.tool";
		};
/* End PBXNativeTarget section */

/* Begin PBXProject section */
		199744A61BD1287B00E8F18A /* Project object */ = {
			isa = PBXProject;
			attributes = {
				LastUpgradeCheck = 0700;
				ORGANIZATIONNAME = "张焕";
				TargetAttributes = {
					199744AD1BD1287B00E8F18A = {
						CreatedOnToolsVersion = 7.0.1;
					};
				};
			};
			buildConfigurationList = 199744A91BD1287B00E8F18A /* Build configuration list for PBXProject "calbyoc" */;
			compatibilityVersion = "Xcode 3.2";
			developmentRegion = English;
			hasScannedForEncodings = 0;
			knownRegions = (
				en,
			);
			mainGroup = 199744A51BD1287B00E8F18A;
			productRefGroup = 199744AF1BD1287B00E8F18A /* Products */;
			projectDirPath = "";
			projectRoot = "";
			targets = (
				199744AD1BD1287B00E8F18A /* calbyoc */,
			);
		};
/* End PBXProject section */

/* Begin PBXSourcesBuildPhase section */
		199744AA1BD1287B00E8F18A /* Sources */ = {
			isa = PBXSourcesBuildPhase;
			buildActionMask = 2147483647;
			files = (
				199744BA1BD129CB00E8F18A /* cal.m in Sources */,
				199744B21BD1287B00E8F18A /* main.m in Sources */,
			);
			runOnlyForDeploymentPostprocessing = 0;
		};
/* End PBXSourcesBuildPhase section */

/* Begin XCBuildConfiguration section */
		199744B31BD1287B00E8F18A /* Debug */ = {
			isa = XCBuildConfiguration;
			buildSettings = {
				ALWAYS_SEARCH_USER_PATHS = NO;
				CLANG_CXX_LANGUAGE_STANDARD = "gnu++0x";
				CLANG_CXX_LIBRARY = "libc++";
				CLANG_ENABLE_MODULES = YES;
				CLANG_ENABLE_OBJC_ARC = YES;
				CLANG_WARN_BOOL_CONVERSION = YES;
				CLANG_WARN_CONSTANT_CONVERSION = YES;
				CLANG_WARN_DIRECT_OBJC_ISA_USAGE = YES_ERROR;
				CLANG_WARN_EMPTY_BODY = YES;
				CLANG_WARN_ENUM_CONVERSION = YES;
				CLANG_WARN_INT_CONVERSION = YES;
				CLANG_WARN_OBJC_ROOT_CLASS = YES_ERROR;
				CLANG_WARN_UNREACHABLE_CODE = YES;
				CLANG_WARN__DUPLICATE_METHOD_MATCH = YES;
				COPY_PHASE_STRIP = NO;
				DEBUG_INFORMATION_FORMAT = dwarf;
				ENABLE_STRICT_OBJC_MSGSEND = YES;
				ENABLE_TESTABILITY = YES;
				GCC_C_LANGUAGE_STANDARD = gnu99;
				GCC_DYNAMIC_NO_PIC = NO;
				GCC_NO_COMMON_BLOCKS = YES;
				GCC_OPTIMIZATION_LEVEL = 0;
				GCC_PREPROCESSOR_DEFINITIONS = (
					"DEBUG=1",
					"$(inherited)",
				);
				GCC_WARN_64_TO_32_BIT_CONVERSION = YES;
				GCC_WARN_ABOUT_RETURN_TYPE = YES_ERROR;
				GCC_WARN_UNDECLARED_SELECTOR = YES;
				GCC_WARN_UNINITIALIZED_AUTOS = YES_AGGRESSIVE;
				GCC_WARN_UNUSED_FUNCTION = YES;
				GCC_WARN_UNUSED_VARIABLE = YES;
				MACOSX_DEPLOYMENT_TARGET = 10.11;
				MTL_ENABLE_DEBUG_INFO = YES;
				ONLY_ACTIVE_ARCH = YES;
				SDKROOT = macosx;
			};
			name = Debug;
		};
		199744B41BD1287B00E8F18A /* Release */ = {
			isa = XCBuildConfiguration;
			buildSettings = {
				ALWAYS_SEARCH_USER_PATHS = NO;
				CLANG_CXX_LANGUAGE_STANDARD = "gnu++0x";
				CLANG_CXX_LIBRARY = "libc++";
				CLANG_ENABLE_MODULES = YES;
				CLANG_ENABLE_OBJC_ARC = YES;
				CLANG_WARN_BOOL_CONVERSION = YES;
				CLANG_WARN_CONSTANT_CONVERSION = YES;
				CLANG_WARN_DIRECT_OBJC_ISA_USAGE = YES_ERROR;
				CLANG_WARN_EMPTY_BODY = YES;
				CLANG_WARN_ENUM_CONVERSION = YES;
				CLANG_WARN_INT_CONVERSION = YES;
				CLANG_WARN_OBJC_ROOT_CLASS = YES_ERROR;
				CLANG_WARN_UNREACHABLE_CODE = YES;
				CLANG_WARN__DUPLICATE_METHOD_MATCH = YES;
				COPY_PHASE_STRIP = NO;
				DEBUG_INFORMATION_FORMAT = "dwarf-with-dsym";
				ENABLE_NS_ASSERTIONS = NO;
				ENABLE_STRICT_OBJC_MSGSEND = YES;
				GCC_C_LANGUAGE_STANDARD = gnu99;
				GCC_NO_COMMON_BLOCKS = YES;
				GCC_WARN_64_TO_32_BIT_CONVERSION = YES;
				GCC_WARN_ABOUT_RETURN_TYPE = YES_ERROR;
				GCC_WARN_UNDECLARED_SELECTOR = YES;
				GCC_WARN_UNINITIALIZED_AUTOS = YES_AGGRESSIVE;
				GCC_WARN_UNUSED_FUNCTION = YES;
				GCC_WARN_UNUSED_VARIABLE = YES;
				MACOSX_DEPLOYMENT_TARGET = 10.11;
				MTL_ENABLE_DEBUG_INFO = NO;
				SDKROOT = macosx;
			};
			name = Release;
		};
		199744B61BD1287B00E8F18A /* Debug */ = {
			isa = XCBuildConfiguration;
			buildSettings = {
				PRODUCT_NAME = "$(TARGET_NAME)";
			};
			name = Debug;
		};
		199744B71BD1287B00E8F18A /* Release */ = {
			isa = XCBuildConfiguration;
			buildSettings = {
				PRODUCT_NAME = "$(TARGET_NAME)";
			};
			name = Release;
		};
/* End XCBuildConfiguration section */

/* Begin XCConfigurationList section */
		199744A91BD1287B00E8F18A /* Build configuration list for PBXProject "calbyoc" */ = {
			isa = XCConfigurationList;
			buildConfigurations = (
				199744B31BD1287B00E8F18A /* Debug */,
				199744B41BD1287B00E8F18A /* Release */,
			);
			defaultConfigurationIsVisible = 0;
			defaultConfigurationName = Release;
		};
		199744B51BD1287B00E8F18A /* Build configuration list for PBXNativeTarget "calbyoc" */ = {
			isa = XCConfigurationList;
			buildConfigurations = (
				199744B61BD1287B00E8F18A /* Debug */,
				199744B71BD1287B00E8F18A /* Release */,
			);
			defaultConfigurationIsVisible = 0;
		};
/* End XCConfigurationList section */
	};
	rootObject = 199744A61BD1287B00E8F18A /* Project object */;
}
